PODS:
  - FBSnapshotTestCase (2.1.4):
    - FBSnapshotTestCase/SwiftSupport (= 2.1.4)
  - FBSnapshotTestCase/Core (2.1.4)
  - FBSnapshotTestCase/SwiftSupport (2.1.4):
    - FBSnapshotTestCase/Core
  - KRPrinting (0.1.0)

DEPENDENCIES:
  - FBSnapshotTestCase
  - KRPrinting (from `../`)

SPEC REPOS:
  trunk:
    - FBSnapshotTestCase

EXTERNAL SOURCES:
  KRPrinting:
    :path: "../"

SPEC CHECKSUMS:
  FBSnapshotTestCase: 094f9f314decbabe373b87cc339bea235a63e07a
  KRPrinting: af75006d0f09dc258823d2411f760bbdecb23455

PODFILE CHECKSUM: e1b50a89d77b7077e135adb3962400461e40eb66

COCOAPODS: 1.12.1
