// !$*UTF8*$!
{
	archiveVersion = 1;
	classes = {
	};
	objectVersion = 56;
	objects = {

/* Begin PBXBuildFile section */
		B52A2424DB6F3400ED9A7948 /* Pods_git_component_test.framework in Frameworks */ = {isa = PBXBuildFile; fileRef = A75CBE937430E1036C51007C /* Pods_git_component_test.framework */; };
		E4DD92992AB69DE40037764C /* AppDelegate.m in Sources */ = {isa = PBXBuildFile; fileRef = E4DD92982AB69DE40037764C /* AppDelegate.m */; };
		E4DD929F2AB69DE40037764C /* ViewController.m in Sources */ = {isa = PBXBuildFile; fileRef = E4DD929E2AB69DE40037764C /* ViewController.m */; };
		E4DD92A22AB69DE40037764C /* Main.storyboard in Resources */ = {isa = PBXBuildFile; fileRef = E4DD92A02AB69DE40037764C /* Main.storyboard */; };
		E4DD92A42AB69DE60037764C /* Assets.xcassets in Resources */ = {isa = PBXBuildFile; fileRef = E4DD92A32AB69DE60037764C /* Assets.xcassets */; };
		E4DD92A72AB69DE60037764C /* LaunchScreen.storyboard in Resources */ = {isa = PBXBuildFile; fileRef = E4DD92A52AB69DE60037764C /* LaunchScreen.storyboard */; };
		E4DD92AA2AB69DE60037764C /* main.m in Sources */ = {isa = PBXBuildFile; fileRef = E4DD92A92AB69DE60037764C /* main.m */; };
/* End PBXBuildFile section */

/* Begin PBXFileReference section */
		1E367F97F429F7C093595513 /* Pods-git_component_test.debug.xcconfig */ = {isa = PBXFileReference; includeInIndex = 1; lastKnownFileType = text.xcconfig; name = "Pods-git_component_test.debug.xcconfig"; path = "Target Support Files/Pods-git_component_test/Pods-git_component_test.debug.xcconfig"; sourceTree = "<group>"; };
		34C20F2419CC09EED730FED7 /* Pods-git_component_test.release.xcconfig */ = {isa = PBXFileReference; includeInIndex = 1; lastKnownFileType = text.xcconfig; name = "Pods-git_component_test.release.xcconfig"; path = "Target Support Files/Pods-git_component_test/Pods-git_component_test.release.xcconfig"; sourceTree = "<group>"; };
		A75CBE937430E1036C51007C /* Pods_git_component_test.framework */ = {isa = PBXFileReference; explicitFileType = wrapper.framework; includeInIndex = 0; path = Pods_git_component_test.framework; sourceTree = BUILT_PRODUCTS_DIR; };
		E4DD92942AB69DE40037764C /* git_component_test.app */ = {isa = PBXFileReference; explicitFileType = wrapper.application; includeInIndex = 0; path = git_component_test.app; sourceTree = BUILT_PRODUCTS_DIR; };
		E4DD92972AB69DE40037764C /* AppDelegate.h */ = {isa = PBXFileReference; lastKnownFileType = sourcecode.c.h; path = AppDelegate.h; sourceTree = "<group>"; };
		E4DD92982AB69DE40037764C /* AppDelegate.m */ = {isa = PBXFileReference; lastKnownFileType = sourcecode.c.objc; path = AppDelegate.m; sourceTree = "<group>"; };
		E4DD929D2AB69DE40037764C /* ViewController.h */ = {isa = PBXFileReference; lastKnownFileType = sourcecode.c.h; path = ViewController.h; sourceTree = "<group>"; };
		E4DD929E2AB69DE40037764C /* ViewController.m */ = {isa = PBXFileReference; lastKnownFileType = sourcecode.c.objc; path = ViewController.m; sourceTree = "<group>"; };
		E4DD92A12AB69DE40037764C /* Base */ = {isa = PBXFileReference; lastKnownFileType = file.storyboard; name = Base; path = Base.lproj/Main.storyboard; sourceTree = "<group>"; };
		E4DD92A32AB69DE60037764C /* Assets.xcassets */ = {isa = PBXFileReference; lastKnownFileType = folder.assetcatalog; path = Assets.xcassets; sourceTree = "<group>"; };
		E4DD92A62AB69DE60037764C /* Base */ = {isa = PBXFileReference; lastKnownFileType = file.storyboard; name = Base; path = Base.lproj/LaunchScreen.storyboard; sourceTree = "<group>"; };
		E4DD92A82AB69DE60037764C /* Info.plist */ = {isa = PBXFileReference; lastKnownFileType = text.plist.xml; path = Info.plist; sourceTree = "<group>"; };
		E4DD92A92AB69DE60037764C /* main.m */ = {isa = PBXFileReference; lastKnownFileType = sourcecode.c.objc; path = main.m; sourceTree = "<group>"; };
/* End PBXFileReference section */

/* Begin PBXFrameworksBuildPhase section */
		E4DD92912AB69DE40037764C /* Frameworks */ = {
			isa = PBXFrameworksBuildPhase;
			buildActionMask = 2147483647;
			files = (
				B52A2424DB6F3400ED9A7948 /* Pods_git_component_test.framework in Frameworks */,
			);
			runOnlyForDeploymentPostprocessing = 0;
		};
/* End PBXFrameworksBuildPhase section */

/* Begin PBXGroup section */
		21ECCFF54AB840C07C405D57 /* Pods */ = {
			isa = PBXGroup;
			children = (
				1E367F97F429F7C093595513 /* Pods-git_component_test.debug.xcconfig */,
				34C20F2419CC09EED730FED7 /* Pods-git_component_test.release.xcconfig */,
			);
			path = Pods;
			sourceTree = "<group>";
		};
		274ECB4BA9496DCA0196595D /* Frameworks */ = {
			isa = PBXGroup;
			children = (
				A75CBE937430E1036C51007C /* Pods_git_component_test.framework */,
			);
			name = Frameworks;
			sourceTree = "<group>";
		};
		E4DD928B2AB69DE40037764C = {
			isa = PBXGroup;
			children = (
				E4DD92962AB69DE40037764C /* git_component_test */,
				E4DD92952AB69DE40037764C /* Products */,
				21ECCFF54AB840C07C405D57 /* Pods */,
				274ECB4BA9496DCA0196595D /* Frameworks */,
			);
			sourceTree = "<group>";
		};
		E4DD92952AB69DE40037764C /* Products */ = {
			isa = PBXGroup;
			children = (
				E4DD92942AB69DE40037764C /* git_component_test.app */,
			);
			name = Products;
			sourceTree = "<group>";
		};
		E4DD92962AB69DE40037764C /* git_component_test */ = {
			isa = PBXGroup;
			children = (
				E4DD92972AB69DE40037764C /* AppDelegate.h */,
				E4DD92982AB69DE40037764C /* AppDelegate.m */,
				E4DD929D2AB69DE40037764C /* ViewController.h */,
				E4DD929E2AB69DE40037764C /* ViewController.m */,
				E4DD92A02AB69DE40037764C /* Main.storyboard */,
				E4DD92A32AB69DE60037764C /* Assets.xcassets */,
				E4DD92A52AB69DE60037764C /* LaunchScreen.storyboard */,
				E4DD92A82AB69DE60037764C /* Info.plist */,
				E4DD92A92AB69DE60037764C /* main.m */,
			);
			path = git_component_test;
			sourceTree = "<group>";
		};
/* End PBXGroup section */

/* Begin PBXNativeTarget section */
		E4DD92932AB69DE40037764C /* git_component_test */ = {
			isa = PBXNativeTarget;
			buildConfigurationList = E4DD92AD2AB69DE60037764C /* Build configuration list for PBXNativeTarget "git_component_test" */;
			buildPhases = (
				D259A7C1E7A287F0A43A1A3A /* [CP] Check Pods Manifest.lock */,
				E4DD92902AB69DE40037764C /* Sources */,
				E4DD92912AB69DE40037764C /* Frameworks */,
				E4DD92922AB69DE40037764C /* Resources */,
				EE12DE6781326468194D9B3F /* [CP] Embed Pods Frameworks */,
			);
			buildRules = (
			);
			dependencies = (
			);
			name = git_component_test;
			productName = git_component_test;
			productReference = E4DD92942AB69DE40037764C /* git_component_test.app */;
			productType = "com.apple.product-type.application";
		};
/* End PBXNativeTarget section */

/* Begin PBXProject section */
		E4DD928C2AB69DE40037764C /* Project object */ = {
			isa = PBXProject;
			attributes = {
				BuildIndependentTargetsInParallel = 1;
				LastUpgradeCheck = 1430;
				TargetAttributes = {
					E4DD92932AB69DE40037764C = {
						CreatedOnToolsVersion = 14.3.1;
					};
				};
			};
			buildConfigurationList = E4DD928F2AB69DE40037764C /* Build configuration list for PBXProject "git_component_test" */;
			compatibilityVersion = "Xcode 14.0";
			developmentRegion = en;
			hasScannedForEncodings = 0;
			knownRegions = (
				en,
				Base,
			);
			mainGroup = E4DD928B2AB69DE40037764C;
			productRefGroup = E4DD92952AB69DE40037764C /* Products */;
			projectDirPath = "";
			projectRoot = "";
			targets = (
				E4DD92932AB69DE40037764C /* git_component_test */,
			);
		};
/* End PBXProject section */

/* Begin PBXResourcesBuildPhase section */
		E4DD92922AB69DE40037764C /* Resources */ = {
			isa = PBXResourcesBuildPhase;
			buildActionMask = 2147483647;
			files = (
				E4DD92A72AB69DE60037764C /* LaunchScreen.storyboard in Resources */,
				E4DD92A42AB69DE60037764C /* Assets.xcassets in Resources */,
				E4DD92A22AB69DE40037764C /* Main.storyboard in Resources */,
			);
			runOnlyForDeploymentPostprocessing = 0;
		};
/* End PBXResourcesBuildPhase section */

/* Begin PBXShellScriptBuildPhase section */
		D259A7C1E7A287F0A43A1A3A /* [CP] Check Pods Manifest.lock */ = {
			isa = PBXShellScriptBuildPhase;
			buildActionMask = 2147483647;
			files = (
			);
			inputFileListPaths = (
			);
			inputPaths = (
				"${PODS_PODFILE_DIR_PATH}/Podfile.lock",
				"${PODS_ROOT}/Manifest.lock",
			);
			name = "[CP] Check Pods Manifest.lock";
			outputFileListPaths = (
			);
			outputPaths = (
				"$(DERIVED_FILE_DIR)/Pods-git_component_test-checkManifestLockResult.txt",
			);
			runOnlyForDeploymentPostprocessing = 0;
			shellPath = /bin/sh;
			shellScript = "diff \"${PODS_PODFILE_DIR_PATH}/Podfile.lock\" \"${PODS_ROOT}/Manifest.lock\" > /dev/null\nif [ $? != 0 ] ; then\n    # print error to STDERR\n    echo \"error: The sandbox is not in sync with the Podfile.lock. Run 'pod install' or update your CocoaPods installation.\" >&2\n    exit 1\nfi\n# This output is used by Xcode 'outputs' to avoid re-running this script phase.\necho \"SUCCESS\" > \"${SCRIPT_OUTPUT_FILE_0}\"\n";
			showEnvVarsInLog = 0;
		};
		EE12DE6781326468194D9B3F /* [CP] Embed Pods Frameworks */ = {
			isa = PBXShellScriptBuildPhase;
			buildActionMask = 2147483647;
			files = (
			);
			inputFileListPaths = (
				"${PODS_ROOT}/Target Support Files/Pods-git_component_test/Pods-git_component_test-frameworks-${CONFIGURATION}-input-files.xcfilelist",
			);
			name = "[CP] Embed Pods Frameworks";
			outputFileListPaths = (
				"${PODS_ROOT}/Target Support Files/Pods-git_component_test/Pods-git_component_test-frameworks-${CONFIGURATION}-output-files.xcfilelist",
			);
			runOnlyForDeploymentPostprocessing = 0;
			shellPath = /bin/sh;
			shellScript = "\"${PODS_ROOT}/Target Support Files/Pods-git_component_test/Pods-git_component_test-frameworks.sh\"\n";
			showEnvVarsInLog = 0;
		};
/* End PBXShellScriptBuildPhase section */

/* Begin PBXSourcesBuildPhase section */
		E4DD92902AB69DE40037764C /* Sources */ = {
			isa = PBXSourcesBuildPhase;
			buildActionMask = 2147483647;
			files = (
				E4DD929F2AB69DE40037764C /* ViewController.m in Sources */,
				E4DD92992AB69DE40037764C /* AppDelegate.m in Sources */,
				E4DD92AA2AB69DE60037764C /* main.m in Sources */,
			);
			runOnlyForDeploymentPostprocessing = 0;
		};
/* End PBXSourcesBuildPhase section */

/* Begin PBXVariantGroup section */
		E4DD92A02AB69DE40037764C /* Main.storyboard */ = {
			isa = PBXVariantGroup;
			children = (
				E4DD92A12AB69DE40037764C /* Base */,
			);
			name = Main.storyboard;
			sourceTree = "<group>";
		};
		E4DD92A52AB69DE60037764C /* LaunchScreen.storyboard */ = {
			isa = PBXVariantGroup;
			children = (
				E4DD92A62AB69DE60037764C /* Base */,
			);
			name = LaunchScreen.storyboard;
			sourceTree = "<group>";
		};
/* End PBXVariantGroup section */

/* Begin XCBuildConfiguration section */
		E4DD92AB2AB69DE60037764C /* Debug */ = {
			isa = XCBuildConfiguration;
			buildSettings = {
				ALWAYS_SEARCH_USER_PATHS = NO;
				CLANG_ANALYZER_NONNULL = YES;
				CLANG_ANALYZER_NUMBER_OBJECT_CONVERSION = YES_AGGRESSIVE;
				CLANG_CXX_LANGUAGE_STANDARD = "gnu++20";
				CLANG_ENABLE_MODULES = YES;
				CLANG_ENABLE_OBJC_ARC = YES;
				CLANG_ENABLE_OBJC_WEAK = YES;
				CLANG_WARN_BLOCK_CAPTURE_AUTORELEASING = YES;
				CLANG_WARN_BOOL_CONVERSION = YES;
				CLANG_WARN_COMMA = YES;
				CLANG_WARN_CONSTANT_CONVERSION = YES;
				CLANG_WARN_DEPRECATED_OBJC_IMPLEMENTATIONS = YES;
				CLANG_WARN_DIRECT_OBJC_ISA_USAGE = YES_ERROR;
				CLANG_WARN_DOCUMENTATION_COMMENTS = YES;
				CLANG_WARN_EMPTY_BODY = YES;
				CLANG_WARN_ENUM_CONVERSION = YES;
				CLANG_WARN_INFINITE_RECURSION = YES;
				CLANG_WARN_INT_CONVERSION = YES;
				CLANG_WARN_NON_LITERAL_NULL_CONVERSION = YES;
				CLANG_WARN_OBJC_IMPLICIT_RETAIN_SELF = YES;
				CLANG_WARN_OBJC_LITERAL_CONVERSION = YES;
				CLANG_WARN_OBJC_ROOT_CLASS = YES_ERROR;
				CLANG_WARN_QUOTED_INCLUDE_IN_FRAMEWORK_HEADER = YES;
				CLANG_WARN_RANGE_LOOP_ANALYSIS = YES;
				CLANG_WARN_STRICT_PROTOTYPES = YES;
				CLANG_WARN_SUSPICIOUS_MOVE = YES;
				CLANG_WARN_UNGUARDED_AVAILABILITY = YES_AGGRESSIVE;
				CLANG_WARN_UNREACHABLE_CODE = YES;
				CLANG_WARN__DUPLICATE_METHOD_MATCH = YES;
				COPY_PHASE_STRIP = NO;
				DEBUG_INFORMATION_FORMAT = dwarf;
				ENABLE_STRICT_OBJC_MSGSEND = YES;
				ENABLE_TESTABILITY = YES;
				GCC_C_LANGUAGE_STANDARD = gnu11;
				GCC_DYNAMIC_NO_PIC = NO;
				GCC_NO_COMMON_BLOCKS = YES;
				GCC_OPTIMIZATION_LEVEL = 0;
				GCC_PREPROCESSOR_DEFINITIONS = (
					"DEBUG=1",
					"$(inherited)",
				);
				GCC_WARN_64_TO_32_BIT_CONVERSION = YES;
				GCC_WARN_ABOUT_RETURN_TYPE = YES_ERROR;
				GCC_WARN_UNDECLARED_SELECTOR = YES;
				GCC_WARN_UNINITIALIZED_AUTOS = YES_AGGRESSIVE;
				GCC_WARN_UNUSED_FUNCTION = YES;
				GCC_WARN_UNUSED_VARIABLE = YES;
				IPHONEOS_DEPLOYMENT_TARGET = 16.4;
				MTL_ENABLE_DEBUG_INFO = INCLUDE_SOURCE;
				MTL_FAST_MATH = YES;
				ONLY_ACTIVE_ARCH = YES;
				SDKROOT = iphoneos;
			};
			name = Debug;
		};
		E4DD92AC2AB69DE60037764C /* Release */ = {
			isa = XCBuildConfiguration;
			buildSettings = {
				ALWAYS_SEARCH_USER_PATHS = NO;
				CLANG_ANALYZER_NONNULL = YES;
				CLANG_ANALYZER_NUMBER_OBJECT_CONVERSION = YES_AGGRESSIVE;
				CLANG_CXX_LANGUAGE_STANDARD = "gnu++20";
				CLANG_ENABLE_MODULES = YES;
				CLANG_ENABLE_OBJC_ARC = YES;
				CLANG_ENABLE_OBJC_WEAK = YES;
				CLANG_WARN_BLOCK_CAPTURE_AUTORELEASING = YES;
				CLANG_WARN_BOOL_CONVERSION = YES;
				CLANG_WARN_COMMA = YES;
				CLANG_WARN_CONSTANT_CONVERSION = YES;
				CLANG_WARN_DEPRECATED_OBJC_IMPLEMENTATIONS = YES;
				CLANG_WARN_DIRECT_OBJC_ISA_USAGE = YES_ERROR;
				CLANG_WARN_DOCUMENTATION_COMMENTS = YES;
				CLANG_WARN_EMPTY_BODY = YES;
				CLANG_WARN_ENUM_CONVERSION = YES;
				CLANG_WARN_INFINITE_RECURSION = YES;
				CLANG_WARN_INT_CONVERSION = YES;
				CLANG_WARN_NON_LITERAL_NULL_CONVERSION = YES;
				CLANG_WARN_OBJC_IMPLICIT_RETAIN_SELF = YES;
				CLANG_WARN_OBJC_LITERAL_CONVERSION = YES;
				CLANG_WARN_OBJC_ROOT_CLASS = YES_ERROR;
				CLANG_WARN_QUOTED_INCLUDE_IN_FRAMEWORK_HEADER = YES;
				CLANG_WARN_RANGE_LOOP_ANALYSIS = YES;
				CLANG_WARN_STRICT_PROTOTYPES = YES;
				CLANG_WARN_SUSPICIOUS_MOVE = YES;
				CLANG_WARN_UNGUARDED_AVAILABILITY = YES_AGGRESSIVE;
				CLANG_WARN_UNREACHABLE_CODE = YES;
				CLANG_WARN__DUPLICATE_METHOD_MATCH = YES;
				COPY_PHASE_STRIP = NO;
				DEBUG_INFORMATION_FORMAT = "dwarf-with-dsym";
				ENABLE_NS_ASSERTIONS = NO;
				ENABLE_STRICT_OBJC_MSGSEND = YES;
				GCC_C_LANGUAGE_STANDARD = gnu11;
				GCC_NO_COMMON_BLOCKS = YES;
				GCC_WARN_64_TO_32_BIT_CONVERSION = YES;
				GCC_WARN_ABOUT_RETURN_TYPE = YES_ERROR;
				GCC_WARN_UNDECLARED_SELECTOR = YES;
				GCC_WARN_UNINITIALIZED_AUTOS = YES_AGGRESSIVE;
				GCC_WARN_UNUSED_FUNCTION = YES;
				GCC_WARN_UNUSED_VARIABLE = YES;
				IPHONEOS_DEPLOYMENT_TARGET = 16.4;
				MTL_ENABLE_DEBUG_INFO = NO;
				MTL_FAST_MATH = YES;
				SDKROOT = iphoneos;
				VALIDATE_PRODUCT = YES;
			};
			name = Release;
		};
		E4DD92AE2AB69DE60037764C /* Debug */ = {
			isa = XCBuildConfiguration;
			baseConfigurationReference = 1E367F97F429F7C093595513 /* Pods-git_component_test.debug.xcconfig */;
			buildSettings = {
				ASSETCATALOG_COMPILER_APPICON_NAME = AppIcon;
				ASSETCATALOG_COMPILER_GLOBAL_ACCENT_COLOR_NAME = AccentColor;
				CODE_SIGN_STYLE = Automatic;
				CURRENT_PROJECT_VERSION = 1;
				DEVELOPMENT_TEAM = 76EQ4XPJWF;
				GENERATE_INFOPLIST_FILE = YES;
				INFOPLIST_FILE = git_component_test/Info.plist;
				INFOPLIST_KEY_UIApplicationSupportsIndirectInputEvents = YES;
				INFOPLIST_KEY_UILaunchStoryboardName = LaunchScreen;
				INFOPLIST_KEY_UIMainStoryboardFile = Main;
				INFOPLIST_KEY_UISupportedInterfaceOrientations_iPad = "UIInterfaceOrientationPortrait UIInterfaceOrientationPortraitUpsideDown UIInterfaceOrientationLandscapeLeft UIInterfaceOrientationLandscapeRight";
				INFOPLIST_KEY_UISupportedInterfaceOrientations_iPhone = "UIInterfaceOrientationPortrait UIInterfaceOrientationLandscapeLeft UIInterfaceOrientationLandscapeRight";
				LD_RUNPATH_SEARCH_PATHS = (
					"$(inherited)",
					"@executable_path/Frameworks",
				);
				MARKETING_VERSION = 1.0;
				PRODUCT_BUNDLE_IDENTIFIER = "scottie.git-component-test";
				PRODUCT_NAME = "$(TARGET_NAME)";
				SUPPORTED_PLATFORMS = "iphoneos iphonesimulator";
				SUPPORTS_MACCATALYST = NO;
				SUPPORTS_MAC_DESIGNED_FOR_IPHONE_IPAD = NO;
				SWIFT_EMIT_LOC_STRINGS = YES;
				TARGETED_DEVICE_FAMILY = 1;
			};
			name = Debug;
		};
		E4DD92AF2AB69DE60037764C /* Release */ = {
			isa = XCBuildConfiguration;
			baseConfigurationReference = 34C20F2419CC09EED730FED7 /* Pods-git_component_test.release.xcconfig */;
			buildSettings = {
				ASSETCATALOG_COMPILER_APPICON_NAME = AppIcon;
				ASSETCATALOG_COMPILER_GLOBAL_ACCENT_COLOR_NAME = AccentColor;
				CODE_SIGN_STYLE = Automatic;
				CURRENT_PROJECT_VERSION = 1;
				DEVELOPMENT_TEAM = 76EQ4XPJWF;
				GENERATE_INFOPLIST_FILE = YES;
				INFOPLIST_FILE = git_component_test/Info.plist;
				INFOPLIST_KEY_UIApplicationSupportsIndirectInputEvents = YES;
				INFOPLIST_KEY_UILaunchStoryboardName = LaunchScreen;
				INFOPLIST_KEY_UIMainStoryboardFile = Main;
				INFOPLIST_KEY_UISupportedInterfaceOrientations_iPad = "UIInterfaceOrientationPortrait UIInterfaceOrientationPortraitUpsideDown UIInterfaceOrientationLandscapeLeft UIInterfaceOrientationLandscapeRight";
				INFOPLIST_KEY_UISupportedInterfaceOrientations_iPhone = "UIInterfaceOrientationPortrait UIInterfaceOrientationLandscapeLeft UIInterfaceOrientationLandscapeRight";
				LD_RUNPATH_SEARCH_PATHS = (
					"$(inherited)",
					"@executable_path/Frameworks",
				);
				MARKETING_VERSION = 1.0;
				PRODUCT_BUNDLE_IDENTIFIER = "scottie.git-component-test";
				PRODUCT_NAME = "$(TARGET_NAME)";
				SUPPORTED_PLATFORMS = "iphoneos iphonesimulator";
				SUPPORTS_MACCATALYST = NO;
				SUPPORTS_MAC_DESIGNED_FOR_IPHONE_IPAD = NO;
				SWIFT_EMIT_LOC_STRINGS = YES;
				TARGETED_DEVICE_FAMILY = 1;
			};
			name = Release;
		};
/* End XCBuildConfiguration section */

/* Begin XCConfigurationList section */
		E4DD928F2AB69DE40037764C /* Build configuration list for PBXProject "git_component_test" */ = {
			isa = XCConfigurationList;
			buildConfigurations = (
				E4DD92AB2AB69DE60037764C /* Debug */,
				E4DD92AC2AB69DE60037764C /* Release */,
			);
			defaultConfigurationIsVisible = 0;
			defaultConfigurationName = Release;
		};
		E4DD92AD2AB69DE60037764C /* Build configuration list for PBXNativeTarget "git_component_test" */ = {
			isa = XCConfigurationList;
			buildConfigurations = (
				E4DD92AE2AB69DE60037764C /* Debug */,
				E4DD92AF2AB69DE60037764C /* Release */,
			);
			defaultConfigurationIsVisible = 0;
			defaultConfigurationName = Release;
		};
/* End XCConfigurationList section */
	};
	rootObject = E4DD928C2AB69DE40037764C /* Project object */;
}
